// !$*UTF8*$!
{
	archiveVersion = 1;
	classes = {
	};
	objectVersion = 55;
	objects = {

/* Begin PBXBuildFile section */
		F6422E3228E721A1002451D4 /* AppDelegate.swift in Sources */ = {isa = PBXBuildFile; fileRef = F6422E3128E721A1002451D4 /* AppDelegate.swift */; };
		F6422E3428E721A1002451D4 /* SceneDelegate.swift in Sources */ = {isa = PBXBuildFile; fileRef = F6422E3328E721A1002451D4 /* SceneDelegate.swift */; };
		F6422E3628E721A1002451D4 /* RecentPhotosTableViewController.swift in Sources */ = {isa = PBXBuildFile; fileRef = F6422E3528E721A1002451D4 /* RecentPhotosTableViewController.swift */; };
		F6422E3928E721A1002451D4 /* Main.storyboard in Resources */ = {isa = PBXBuildFile; fileRef = F6422E3728E721A1002451D4 /* Main.storyboard */; };
		F6422E3B28E721A4002451D4 /* Assets.xcassets in Resources */ = {isa = PBXBuildFile; fileRef = F6422E3A28E721A4002451D4 /* Assets.xcassets */; };
		F6422E3E28E721A4002451D4 /* LaunchScreen.storyboard in Resources */ = {isa = PBXBuildFile; fileRef = F6422E3C28E721A4002451D4 /* LaunchScreen.storyboard */; };
		F6422E4A28E72950002451D4 /* PhotoTableViewCell.swift in Sources */ = {isa = PBXBuildFile; fileRef = F6422E4928E72950002451D4 /* PhotoTableViewCell.swift */; };
		F6422E4D28E72CAE002451D4 /* PhotoDetailViewController.swift in Sources */ = {isa = PBXBuildFile; fileRef = F6422E4C28E72CAE002451D4 /* PhotoDetailViewController.swift */; };
		F6422E5328E72E13002451D4 /* PhotoDetail.storyboard in Resources */ = {isa = PBXBuildFile; fileRef = F6422E5228E72E13002451D4 /* PhotoDetail.storyboard */; };
		F6422E5628EADB97002451D4 /* PhotosResponse.swift in Sources */ = {isa = PBXBuildFile; fileRef = F6422E5528EADB96002451D4 /* PhotosResponse.swift */; };
		F6422E5828EADC07002451D4 /* Photos.swift in Sources */ = {isa = PBXBuildFile; fileRef = F6422E5728EADC07002451D4 /* Photos.swift */; };
		F6422E5A28EADDF1002451D4 /* Photo.swift in Sources */ = {isa = PBXBuildFile; fileRef = F6422E5928EADDF1002451D4 /* Photo.swift */; };
		F6422E6028EC2A34002451D4 /* NetworkManager.swift in Sources */ = {isa = PBXBuildFile; fileRef = F6422E5F28EC2A34002451D4 /* NetworkManager.swift */; };
/* End PBXBuildFile section */

/* Begin PBXFileReference section */
		F6422E2E28E721A1002451D4 /* FlickrClientApp.app */ = {isa = PBXFileReference; explicitFileType = wrapper.application; includeInIndex = 0; path = FlickrClientApp.app; sourceTree = BUILT_PRODUCTS_DIR; };
		F6422E3128E721A1002451D4 /* AppDelegate.swift */ = {isa = PBXFileReference; lastKnownFileType = sourcecode.swift; path = AppDelegate.swift; sourceTree = "<group>"; };
		F6422E3328E721A1002451D4 /* SceneDelegate.swift */ = {isa = PBXFileReference; lastKnownFileType = sourcecode.swift; path = SceneDelegate.swift; sourceTree = "<group>"; };
		F6422E3528E721A1002451D4 /* RecentPhotosTableViewController.swift */ = {isa = PBXFileReference; lastKnownFileType = sourcecode.swift; path = RecentPhotosTableViewController.swift; sourceTree = "<group>"; };
		F6422E3828E721A1002451D4 /* Base */ = {isa = PBXFileReference; lastKnownFileType = file.storyboard; name = Base; path = Base.lproj/Main.storyboard; sourceTree = "<group>"; };
		F6422E3A28E721A4002451D4 /* Assets.xcassets */ = {isa = PBXFileReference; lastKnownFileType = folder.assetcatalog; path = Assets.xcassets; sourceTree = "<group>"; };
		F6422E3D28E721A4002451D4 /* Base */ = {isa = PBXFileReference; lastKnownFileType = file.storyboard; name = Base; path = Base.lproj/LaunchScreen.storyboard; sourceTree = "<group>"; };
		F6422E3F28E721A4002451D4 /* Info.plist */ = {isa = PBXFileReference; lastKnownFileType = text.plist.xml; path = Info.plist; sourceTree = "<group>"; };
		F6422E4928E72950002451D4 /* PhotoTableViewCell.swift */ = {isa = PBXFileReference; lastKnownFileType = sourcecode.swift; path = PhotoTableViewCell.swift; sourceTree = "<group>"; };
		F6422E4C28E72CAE002451D4 /* PhotoDetailViewController.swift */ = {isa = PBXFileReference; lastKnownFileType = sourcecode.swift; path = PhotoDetailViewController.swift; sourceTree = "<group>"; };
		F6422E5228E72E13002451D4 /* PhotoDetail.storyboard */ = {isa = PBXFileReference; lastKnownFileType = file.storyboard; path = PhotoDetail.storyboard; sourceTree = "<group>"; };
		F6422E5528EADB96002451D4 /* PhotosResponse.swift */ = {isa = PBXFileReference; lastKnownFileType = sourcecode.swift; path = PhotosResponse.swift; sourceTree = "<group>"; };
		F6422E5728EADC07002451D4 /* Photos.swift */ = {isa = PBXFileReference; lastKnownFileType = sourcecode.swift; path = Photos.swift; sourceTree = "<group>"; };
		F6422E5928EADDF1002451D4 /* Photo.swift */ = {isa = PBXFileReference; lastKnownFileType = sourcecode.swift; path = Photo.swift; sourceTree = "<group>"; };
		F6422E5F28EC2A34002451D4 /* NetworkManager.swift */ = {isa = PBXFileReference; lastKnownFileType = sourcecode.swift; path = NetworkManager.swift; sourceTree = "<group>"; };
/* End PBXFileReference section */

/* Begin PBXFrameworksBuildPhase section */
		F6422E2B28E721A1002451D4 /* Frameworks */ = {
			isa = PBXFrameworksBuildPhase;
			buildActionMask = 2147483647;
			files = (
			);
			runOnlyForDeploymentPostprocessing = 0;
		};
/* End PBXFrameworksBuildPhase section */

/* Begin PBXGroup section */
		F6422E2528E721A1002451D4 = {
			isa = PBXGroup;
			children = (
				F6422E3028E721A1002451D4 /* FlickrClientApp */,
				F6422E2F28E721A1002451D4 /* Products */,
			);
			sourceTree = "<group>";
		};
		F6422E2F28E721A1002451D4 /* Products */ = {
			isa = PBXGroup;
			children = (
				F6422E2E28E721A1002451D4 /* FlickrClientApp.app */,
			);
			name = Products;
			sourceTree = "<group>";
		};
		F6422E3028E721A1002451D4 /* FlickrClientApp */ = {
			isa = PBXGroup;
			children = (
				F6422E4728E721FB002451D4 /* App */,
				F6422E4628E721ED002451D4 /* Screens */,
				F6422E4528E721DF002451D4 /* Supporting Files */,
			);
			path = FlickrClientApp;
			sourceTree = "<group>";
		};
		F6422E4528E721DF002451D4 /* Supporting Files */ = {
			isa = PBXGroup;
			children = (
				F6422E3A28E721A4002451D4 /* Assets.xcassets */,
				F6422E3C28E721A4002451D4 /* LaunchScreen.storyboard */,
				F6422E3F28E721A4002451D4 /* Info.plist */,
			);
			path = "Supporting Files";
			sourceTree = "<group>";
		};
		F6422E4628E721ED002451D4 /* Screens */ = {
			isa = PBXGroup;
			children = (
				F6422E4B28E72C40002451D4 /* PhotoDetail */,
				F6422E4828E725AC002451D4 /* Recent Photos */,
			);
			path = Screens;
			sourceTree = "<group>";
		};
		F6422E4728E721FB002451D4 /* App */ = {
			isa = PBXGroup;
			children = (
				F6422E5E28EC29FE002451D4 /* Networking */,
				F6422E5C28EC29D4002451D4 /* Core */,
				F6422E5B28EC2991002451D4 /* Delegate */,
			);
			path = App;
			sourceTree = "<group>";
		};
		F6422E4828E725AC002451D4 /* Recent Photos */ = {
			isa = PBXGroup;
			children = (
				F6422E5428EADB2A002451D4 /* Model */,
				F6422E4F28E72CEF002451D4 /* View */,
				F6422E4E28E72CC9002451D4 /* Controller */,
			);
			path = "Recent Photos";
			sourceTree = "<group>";
		};
		F6422E4B28E72C40002451D4 /* PhotoDetail */ = {
			isa = PBXGroup;
			children = (
				F6422E5128E72D4F002451D4 /* View */,
				F6422E5028E72D39002451D4 /* Controller */,
			);
			path = PhotoDetail;
			sourceTree = "<group>";
		};
		F6422E4E28E72CC9002451D4 /* Controller */ = {
			isa = PBXGroup;
			children = (
				F6422E3528E721A1002451D4 /* RecentPhotosTableViewController.swift */,
			);
			path = Controller;
			sourceTree = "<group>";
		};
		F6422E4F28E72CEF002451D4 /* View */ = {
			isa = PBXGroup;
			children = (
				F6422E4928E72950002451D4 /* PhotoTableViewCell.swift */,
				F6422E3728E721A1002451D4 /* Main.storyboard */,
			);
			path = View;
			sourceTree = "<group>";
		};
		F6422E5028E72D39002451D4 /* Controller */ = {
			isa = PBXGroup;
			children = (
				F6422E4C28E72CAE002451D4 /* PhotoDetailViewController.swift */,
			);
			path = Controller;
			sourceTree = "<group>";
		};
		F6422E5128E72D4F002451D4 /* View */ = {
			isa = PBXGroup;
			children = (
				F6422E5228E72E13002451D4 /* PhotoDetail.storyboard */,
			);
			path = View;
			sourceTree = "<group>";
		};
		F6422E5428EADB2A002451D4 /* Model */ = {
			isa = PBXGroup;
			children = (
				F6422E5528EADB96002451D4 /* PhotosResponse.swift */,
				F6422E5728EADC07002451D4 /* Photos.swift */,
				F6422E5928EADDF1002451D4 /* Photo.swift */,
			);
			path = Model;
			sourceTree = "<group>";
		};
		F6422E5B28EC2991002451D4 /* Delegate */ = {
			isa = PBXGroup;
			children = (
				F6422E3128E721A1002451D4 /* AppDelegate.swift */,
				F6422E3328E721A1002451D4 /* SceneDelegate.swift */,
			);
			path = Delegate;
			sourceTree = "<group>";
		};
		F6422E5C28EC29D4002451D4 /* Core */ = {
			isa = PBXGroup;
			children = (
			);
			path = Core;
			sourceTree = "<group>";
		};
		F6422E5E28EC29FE002451D4 /* Networking */ = {
			isa = PBXGroup;
			children = (
				F6422E5F28EC2A34002451D4 /* NetworkManager.swift */,
			);
			path = Networking;
			sourceTree = "<group>";
		};
/* End PBXGroup section */

/* Begin PBXNativeTarget section */
		F6422E2D28E721A1002451D4 /* FlickrClientApp */ = {
			isa = PBXNativeTarget;
			buildConfigurationList = F6422E4228E721A4002451D4 /* Build configuration list for PBXNativeTarget "FlickrClientApp" */;
			buildPhases = (
				F6422E2A28E721A1002451D4 /* Sources */,
				F6422E2B28E721A1002451D4 /* Frameworks */,
				F6422E2C28E721A1002451D4 /* Resources */,
			);
			buildRules = (
			);
			dependencies = (
			);
			name = FlickrClientApp;
			productName = FlickrClientApp;
			productReference = F6422E2E28E721A1002451D4 /* FlickrClientApp.app */;
			productType = "com.apple.product-type.application";
		};
/* End PBXNativeTarget section */

/* Begin PBXProject section */
		F6422E2628E721A1002451D4 /* Project object */ = {
			isa = PBXProject;
			attributes = {
				BuildIndependentTargetsInParallel = 1;
				LastSwiftUpdateCheck = 1340;
				LastUpgradeCheck = 1340;
				TargetAttributes = {
					F6422E2D28E721A1002451D4 = {
						CreatedOnToolsVersion = 13.4.1;
					};
				};
			};
			buildConfigurationList = F6422E2928E721A1002451D4 /* Build configuration list for PBXProject "FlickrClientApp" */;
			compatibilityVersion = "Xcode 13.0";
			developmentRegion = en;
			hasScannedForEncodings = 0;
			knownRegions = (
				en,
				Base,
			);
			mainGroup = F6422E2528E721A1002451D4;
			productRefGroup = F6422E2F28E721A1002451D4 /* Products */;
			projectDirPath = "";
			projectRoot = "";
			targets = (
				F6422E2D28E721A1002451D4 /* FlickrClientApp */,
			);
		};
/* End PBXProject section */

/* Begin PBXResourcesBuildPhase section */
		F6422E2C28E721A1002451D4 /* Resources */ = {
			isa = PBXResourcesBuildPhase;
			buildActionMask = 2147483647;
			files = (
				F6422E3E28E721A4002451D4 /* LaunchScreen.storyboard in Resources */,
				F6422E3B28E721A4002451D4 /* Assets.xcassets in Resources */,
				F6422E5328E72E13002451D4 /* PhotoDetail.storyboard in Resources */,
				F6422E3928E721A1002451D4 /* Main.storyboard in Resources */,
			);
			runOnlyForDeploymentPostprocessing = 0;
		};
/* End PBXResourcesBuildPhase section */

/* Begin PBXSourcesBuildPhase section */
		F6422E2A28E721A1002451D4 /* Sources */ = {
			isa = PBXSourcesBuildPhase;
			buildActionMask = 2147483647;
			files = (
				F6422E6028EC2A34002451D4 /* NetworkManager.swift in Sources */,
				F6422E5A28EADDF1002451D4 /* Photo.swift in Sources */,
				F6422E4A28E72950002451D4 /* PhotoTableViewCell.swift in Sources */,
				F6422E3628E721A1002451D4 /* RecentPhotosTableViewController.swift in Sources */,
				F6422E3228E721A1002451D4 /* AppDelegate.swift in Sources */,
				F6422E5628EADB97002451D4 /* PhotosResponse.swift in Sources */,
				F6422E4D28E72CAE002451D4 /* PhotoDetailViewController.swift in Sources */,
				F6422E3428E721A1002451D4 /* SceneDelegate.swift in Sources */,
				F6422E5828EADC07002451D4 /* Photos.swift in Sources */,
			);
			runOnlyForDeploymentPostprocessing = 0;
		};
/* End PBXSourcesBuildPhase section */

/* Begin PBXVariantGroup section */
		F6422E3728E721A1002451D4 /* Main.storyboard */ = {
			isa = PBXVariantGroup;
			children = (
				F6422E3828E721A1002451D4 /* Base */,
			);
			name = Main.storyboard;
			sourceTree = "<group>";
		};
		F6422E3C28E721A4002451D4 /* LaunchScreen.storyboard */ = {
			isa = PBXVariantGroup;
			children = (
				F6422E3D28E721A4002451D4 /* Base */,
			);
			name = LaunchScreen.storyboard;
			sourceTree = "<group>";
		};
/* End PBXVariantGroup section */

/* Begin XCBuildConfiguration section */
		F6422E4028E721A4002451D4 /* Debug */ = {
			isa = XCBuildConfiguration;
			buildSettings = {
				ALWAYS_SEARCH_USER_PATHS = NO;
				CLANG_ANALYZER_NONNULL = YES;
				CLANG_ANALYZER_NUMBER_OBJECT_CONVERSION = YES_AGGRESSIVE;
				CLANG_CXX_LANGUAGE_STANDARD = "gnu++17";
				CLANG_ENABLE_MODULES = YES;
				CLANG_ENABLE_OBJC_ARC = YES;
				CLANG_ENABLE_OBJC_WEAK = YES;
				CLANG_WARN_BLOCK_CAPTURE_AUTORELEASING = YES;
				CLANG_WARN_BOOL_CONVERSION = YES;
				CLANG_WARN_COMMA = YES;
				CLANG_WARN_CONSTANT_CONVERSION = YES;
				CLANG_WARN_DEPRECATED_OBJC_IMPLEMENTATIONS = YES;
				CLANG_WARN_DIRECT_OBJC_ISA_USAGE = YES_ERROR;
				CLANG_WARN_DOCUMENTATION_COMMENTS = YES;
				CLANG_WARN_EMPTY_BODY = YES;
				CLANG_WARN_ENUM_CONVERSION = YES;
				CLANG_WARN_INFINITE_RECURSION = YES;
				CLANG_WARN_INT_CONVERSION = YES;
				CLANG_WARN_NON_LITERAL_NULL_CONVERSION = YES;
				CLANG_WARN_OBJC_IMPLICIT_RETAIN_SELF = YES;
				CLANG_WARN_OBJC_LITERAL_CONVERSION = YES;
				CLANG_WARN_OBJC_ROOT_CLASS = YES_ERROR;
				CLANG_WARN_QUOTED_INCLUDE_IN_FRAMEWORK_HEADER = YES;
				CLANG_WARN_RANGE_LOOP_ANALYSIS = YES;
				CLANG_WARN_STRICT_PROTOTYPES = YES;
				CLANG_WARN_SUSPICIOUS_MOVE = YES;
				CLANG_WARN_UNGUARDED_AVAILABILITY = YES_AGGRESSIVE;
				CLANG_WARN_UNREACHABLE_CODE = YES;
				CLANG_WARN__DUPLICATE_METHOD_MATCH = YES;
				COPY_PHASE_STRIP = NO;
				DEBUG_INFORMATION_FORMAT = dwarf;
				ENABLE_STRICT_OBJC_MSGSEND = YES;
				ENABLE_TESTABILITY = YES;
				GCC_C_LANGUAGE_STANDARD = gnu11;
				GCC_DYNAMIC_NO_PIC = NO;
				GCC_NO_COMMON_BLOCKS = YES;
				GCC_OPTIMIZATION_LEVEL = 0;
				GCC_PREPROCESSOR_DEFINITIONS = (
					"DEBUG=1",
					"$(inherited)",
				);
				GCC_WARN_64_TO_32_BIT_CONVERSION = YES;
				GCC_WARN_ABOUT_RETURN_TYPE = YES_ERROR;
				GCC_WARN_UNDECLARED_SELECTOR = YES;
				GCC_WARN_UNINITIALIZED_AUTOS = YES_AGGRESSIVE;
				GCC_WARN_UNUSED_FUNCTION = YES;
				GCC_WARN_UNUSED_VARIABLE = YES;
				IPHONEOS_DEPLOYMENT_TARGET = 15.5;
				MTL_ENABLE_DEBUG_INFO = INCLUDE_SOURCE;
				MTL_FAST_MATH = YES;
				ONLY_ACTIVE_ARCH = YES;
				SDKROOT = iphoneos;
				SWIFT_ACTIVE_COMPILATION_CONDITIONS = DEBUG;
				SWIFT_OPTIMIZATION_LEVEL = "-Onone";
			};
			name = Debug;
		};
		F6422E4128E721A4002451D4 /* Release */ = {
			isa = XCBuildConfiguration;
			buildSettings = {
				ALWAYS_SEARCH_USER_PATHS = NO;
				CLANG_ANALYZER_NONNULL = YES;
				CLANG_ANALYZER_NUMBER_OBJECT_CONVERSION = YES_AGGRESSIVE;
				CLANG_CXX_LANGUAGE_STANDARD = "gnu++17";
				CLANG_ENABLE_MODULES = YES;
				CLANG_ENABLE_OBJC_ARC = YES;
				CLANG_ENABLE_OBJC_WEAK = YES;
				CLANG_WARN_BLOCK_CAPTURE_AUTORELEASING = YES;
				CLANG_WARN_BOOL_CONVERSION = YES;
				CLANG_WARN_COMMA = YES;
				CLANG_WARN_CONSTANT_CONVERSION = YES;
				CLANG_WARN_DEPRECATED_OBJC_IMPLEMENTATIONS = YES;
				CLANG_WARN_DIRECT_OBJC_ISA_USAGE = YES_ERROR;
				CLANG_WARN_DOCUMENTATION_COMMENTS = YES;
				CLANG_WARN_EMPTY_BODY = YES;
				CLANG_WARN_ENUM_CONVERSION = YES;
				CLANG_WARN_INFINITE_RECURSION = YES;
				CLANG_WARN_INT_CONVERSION = YES;
				CLANG_WARN_NON_LITERAL_NULL_CONVERSION = YES;
				CLANG_WARN_OBJC_IMPLICIT_RETAIN_SELF = YES;
				CLANG_WARN_OBJC_LITERAL_CONVERSION = YES;
				CLANG_WARN_OBJC_ROOT_CLASS = YES_ERROR;
				CLANG_WARN_QUOTED_INCLUDE_IN_FRAMEWORK_HEADER = YES;
				CLANG_WARN_RANGE_LOOP_ANALYSIS = YES;
				CLANG_WARN_STRICT_PROTOTYPES = YES;
				CLANG_WARN_SUSPICIOUS_MOVE = YES;
				CLANG_WARN_UNGUARDED_AVAILABILITY = YES_AGGRESSIVE;
				CLANG_WARN_UNREACHABLE_CODE = YES;
				CLANG_WARN__DUPLICATE_METHOD_MATCH = YES;
				COPY_PHASE_STRIP = NO;
				DEBUG_INFORMATION_FORMAT = "dwarf-with-dsym";
				ENABLE_NS_ASSERTIONS = NO;
				ENABLE_STRICT_OBJC_MSGSEND = YES;
				GCC_C_LANGUAGE_STANDARD = gnu11;
				GCC_NO_COMMON_BLOCKS = YES;
				GCC_WARN_64_TO_32_BIT_CONVERSION = YES;
				GCC_WARN_ABOUT_RETURN_TYPE = YES_ERROR;
				GCC_WARN_UNDECLARED_SELECTOR = YES;
				GCC_WARN_UNINITIALIZED_AUTOS = YES_AGGRESSIVE;
				GCC_WARN_UNUSED_FUNCTION = YES;
				GCC_WARN_UNUSED_VARIABLE = YES;
				IPHONEOS_DEPLOYMENT_TARGET = 15.5;
				MTL_ENABLE_DEBUG_INFO = NO;
				MTL_FAST_MATH = YES;
				SDKROOT = iphoneos;
				SWIFT_COMPILATION_MODE = wholemodule;
				SWIFT_OPTIMIZATION_LEVEL = "-O";
				VALIDATE_PRODUCT = YES;
			};
			name = Release;
		};
		F6422E4328E721A4002451D4 /* Debug */ = {
			isa = XCBuildConfiguration;
			buildSettings = {
				ASSETCATALOG_COMPILER_APPICON_NAME = AppIcon;
				ASSETCATALOG_COMPILER_GLOBAL_ACCENT_COLOR_NAME = AccentColor;
				CODE_SIGN_STYLE = Automatic;
				CURRENT_PROJECT_VERSION = 1;
				DEVELOPMENT_TEAM = 7TWP4BD49D;
				GENERATE_INFOPLIST_FILE = YES;
				INFOPLIST_FILE = "FlickrClientApp/Supporting Files/Info.plist";
				INFOPLIST_KEY_UIApplicationSupportsIndirectInputEvents = YES;
				INFOPLIST_KEY_UILaunchStoryboardName = LaunchScreen;
				INFOPLIST_KEY_UIMainStoryboardFile = Main;
				INFOPLIST_KEY_UISupportedInterfaceOrientations = UIInterfaceOrientationPortrait;
				INFOPLIST_KEY_UISupportedInterfaceOrientations_iPad = "UIInterfaceOrientationPortrait UIInterfaceOrientationPortraitUpsideDown UIInterfaceOrientationLandscapeLeft UIInterfaceOrientationLandscapeRight";
				INFOPLIST_KEY_UISupportedInterfaceOrientations_iPhone = "UIInterfaceOrientationPortrait UIInterfaceOrientationLandscapeLeft UIInterfaceOrientationLandscapeRight";
				LD_RUNPATH_SEARCH_PATHS = (
					"$(inherited)",
					"@executable_path/Frameworks",
				);
				MARKETING_VERSION = 1.0;
				PRODUCT_BUNDLE_IDENTIFIER = com.kubracennetyavasoglu.FlickrClientApp;
				PRODUCT_NAME = "$(TARGET_NAME)";
				SWIFT_EMIT_LOC_STRINGS = YES;
				SWIFT_VERSION = 5.0;
				TARGETED_DEVICE_FAMILY = 1;
			};
			name = Debug;
		};
		F6422E4428E721A4002451D4 /* Release */ = {
			isa = XCBuildConfiguration;
			buildSettings = {
				ASSETCATALOG_COMPILER_APPICON_NAME = AppIcon;
				ASSETCATALOG_COMPILER_GLOBAL_ACCENT_COLOR_NAME = AccentColor;
				CODE_SIGN_STYLE = Automatic;
				CURRENT_PROJECT_VERSION = 1;
				DEVELOPMENT_TEAM = 7TWP4BD49D;
				GENERATE_INFOPLIST_FILE = YES;
				INFOPLIST_FILE = "FlickrClientApp/Supporting Files/Info.plist";
				INFOPLIST_KEY_UIApplicationSupportsIndirectInputEvents = YES;
				INFOPLIST_KEY_UILaunchStoryboardName = LaunchScreen;
				INFOPLIST_KEY_UIMainStoryboardFile = Main;
				INFOPLIST_KEY_UISupportedInterfaceOrientations = UIInterfaceOrientationPortrait;
				INFOPLIST_KEY_UISupportedInterfaceOrientations_iPad = "UIInterfaceOrientationPortrait UIInterfaceOrientationPortraitUpsideDown UIInterfaceOrientationLandscapeLeft UIInterfaceOrientationLandscapeRight";
				INFOPLIST_KEY_UISupportedInterfaceOrientations_iPhone = "UIInterfaceOrientationPortrait UIInterfaceOrientationLandscapeLeft UIInterfaceOrientationLandscapeRight";
				LD_RUNPATH_SEARCH_PATHS = (
					"$(inherited)",
					"@executable_path/Frameworks",
				);
				MARKETING_VERSION = 1.0;
				PRODUCT_BUNDLE_IDENTIFIER = com.kubracennetyavasoglu.FlickrClientApp;
				PRODUCT_NAME = "$(TARGET_NAME)";
				SWIFT_EMIT_LOC_STRINGS = YES;
				SWIFT_VERSION = 5.0;
				TARGETED_DEVICE_FAMILY = 1;
			};
			name = Release;
		};
/* End XCBuildConfiguration section */

/* Begin XCConfigurationList section */
		F6422E2928E721A1002451D4 /* Build configuration list for PBXProject "FlickrClientApp" */ = {
			isa = XCConfigurationList;
			buildConfigurations = (
				F6422E4028E721A4002451D4 /* Debug */,
				F6422E4128E721A4002451D4 /* Release */,
			);
			defaultConfigurationIsVisible = 0;
			defaultConfigurationName = Release;
		};
		F6422E4228E721A4002451D4 /* Build configuration list for PBXNativeTarget "FlickrClientApp" */ = {
			isa = XCConfigurationList;
			buildConfigurations = (
				F6422E4328E721A4002451D4 /* Debug */,
				F6422E4428E721A4002451D4 /* Release */,
			);
			defaultConfigurationIsVisible = 0;
			defaultConfigurationName = Release;
		};
/* End XCConfigurationList section */
	};
	rootObject = F6422E2628E721A1002451D4 /* Project object */;
}
